
Microsoft Visual Studio Solution File, Format Version 12.00
# Visual Studio Version 16
VisualStudioVersion = 16.0.29102.190
MinimumVisualStudioVersion = 10.0.40219.1
Project("{FAE04EC0-301F-11D3-BF4B-00C04F79EFBC}") = "MvcMovieThree", "MvcMovieThree.csproj", "{099B6DD1-E17E-4D56-B52F-00655973D2B8}"
EndProject
Global
	GlobalSection(SolutionConfigurationPlatforms) = preSolution
		Debug|Any CPU = Debug|Any CPU
		Release|Any CPU = Release|Any CPU
	EndGlobalSection
	GlobalSection(ProjectConfigurationPlatforms) = postSolution
		{099B6DD1-E17E-4D56-B52F-00655973D2B8}.Debug|Any CPU.ActiveCfg = Debug|Any CPU
		{099B6DD1-E17E-4D56-B52F-00655973D2B8}.Debug|Any CPU.Build.0 = Debug|Any CPU
		{099B6DD1-E17E-4D56-B52F-00655973D2B8}.Release|Any CPU.ActiveCfg = Release|Any CPU
		{099B6DD1-E17E-4D56-B52F-00655973D2B8}.Release|Any CPU.Build.0 = Release|Any CPU
	EndGlobalSection
	GlobalSection(SolutionProperties) = preSolution
		HideSolutionNode = FALSE
	EndGlobalSection
	GlobalSection(ExtensibilityGlobals) = postSolution
		SolutionGuid = {DF1AC521-4413-43D3-88F5-BDD9E20F26D9}
	EndGlobalSection
EndGlobal
